{
  "name": "anatomiesofintelligence.github.io",
  "version": "1.0.0",
  "lockfileVersion": 1,
  "requires": true,
  "dependencies": {
    "@magenta/sketch": {
      "version": "0.2.0",
      "resolved": "https://registry.npmjs.org/@magenta/sketch/-/sketch-0.2.0.tgz",
      "integrity": "sha512-vbbBU+fqDppu0O3v5E2XiwMpKf0cX0Oh5bLoKzBWUE8+Mri9t4ropYWl+Vwidp5RdpQ8qpiR5olT1jEbc7XW5w==",
      "requires": {
        "@tensorflow/tfjs": "^1.0.2"
      }
    },
    "@tensorflow-models/body-pix": {
      "version": "1.0.1",
      "resolved": "https://registry.npmjs.org/@tensorflow-models/body-pix/-/body-pix-1.0.1.tgz",
      "integrity": "sha512-s63eE+ns6ArGZ6MiX7t95yzUPUxdUkEUFwG8jWkhAlDSANiqFFM1rmNcIp2iF2ldojftFRr2y7vwHGocFYrDdQ=="
    },
    "@tensorflow-models/knn-classifier": {
      "version": "1.0.0",
      "resolved": "https://registry.npmjs.org/@tensorflow-models/knn-classifier/-/knn-classifier-1.0.0.tgz",
      "integrity": "sha512-J0mHZ982/Y0XyoFZvxZQ9/KnRQIng2RunQkUFFi2u4q/58VykptcAcUwsrKj6JlgQbakR0oBmcz9M4PFHKmmNA=="
    },
    "@tensorflow-models/mobilenet": {
      "version": "1.0.0",
      "resolved": "https://registry.npmjs.org/@tensorflow-models/mobilenet/-/mobilenet-1.0.0.tgz",
      "integrity": "sha512-NIi4wMIDi9d+zpB0DYlepQQD4qsh16Gxv8OtQg1bBMO8g+SX9c2st4EiiJJGQhTI1GXmtZgKhOHIXnsLqUlgow=="
    },
    "@tensorflow-models/posenet": {
      "version": "1.0.0",
      "resolved": "https://registry.npmjs.org/@tensorflow-models/posenet/-/posenet-1.0.0.tgz",
      "integrity": "sha512-uq/evoEMn3rD4J+yYIEp9S62bXn7mbMTEpSnnBz+rCEuzEEQkwNJByy99+K+OZfFPP71OtIkngDvrBhZxRe0OQ=="
    },
    "@tensorflow-models/speech-commands": {
      "version": "0.3.8",
      "resolved": "https://registry.npmjs.org/@tensorflow-models/speech-commands/-/speech-commands-0.3.8.tgz",
      "integrity": "sha512-vuMennUQX4W7sBgo5F6TIFEXAx679qJADA2+d2//z0JODf5xCx038vq339K/cJzEIXGBlprbREFlYQUkojl8jQ=="
    },
    "@tensorflow/tfjs": {
      "version": "1.2.9",
      "resolved": "https://registry.npmjs.org/@tensorflow/tfjs/-/tfjs-1.2.9.tgz",
      "integrity": "sha512-9UAQnSp638FyM5eedYEM+j2R7VcNajiFmkeT5EXtf7YIurmMFNEm1sbajKJx7/ckz31YcYrVoUPc/iLhhDQl2A==",
      "requires": {
        "@tensorflow/tfjs-converter": "1.2.9",
        "@tensorflow/tfjs-core": "1.2.9",
        "@tensorflow/tfjs-data": "1.2.9",
        "@tensorflow/tfjs-layers": "1.2.9"
      }
    },
    "@tensorflow/tfjs-converter": {
      "version": "1.2.9",
      "resolved": "https://registry.npmjs.org/@tensorflow/tfjs-converter/-/tfjs-converter-1.2.9.tgz",
      "integrity": "sha512-OKmiuZicIgadT3Bv9BvM+oom7wRz9eC5rTglQnuv7VN9H0syFVuhf5oD1Ff70tGDhJjJgL+cPz01fZRxTXjRWA=="
    },
    "@tensorflow/tfjs-core": {
      "version": "1.2.9",
      "resolved": "https://registry.npmjs.org/@tensorflow/tfjs-core/-/tfjs-core-1.2.9.tgz",
      "integrity": "sha512-s0hHZSx6rGTlkkB8u8gs5n7sIPv1GXDNHmISRy+kqGzmlpkfI2kr6WXqOWQy6wFgjzopRD8cJQjBZ9USPZnYTQ==",
      "requires": {
        "@types/offscreencanvas": "~2019.3.0",
        "@types/seedrandom": "2.4.27",
        "@types/webgl-ext": "0.0.30",
        "@types/webgl2": "0.0.4",
        "node-fetch": "~2.1.2",
        "seedrandom": "2.4.3"
      }
    },
    "@tensorflow/tfjs-data": {
      "version": "1.2.9",
      "resolved": "https://registry.npmjs.org/@tensorflow/tfjs-data/-/tfjs-data-1.2.9.tgz",
      "integrity": "sha512-Ti9Cj3pte9butuEsK5OPq0Lcqdi4wVUdtQXm0o7iYOZ0umseRzfbIb6zbdqucc2MQzOMTnRoxN+FL7LZmncsHg==",
      "requires": {
        "@types/node-fetch": "^2.1.2",
        "node-fetch": "~2.1.2"
      }
    },
    "@tensorflow/tfjs-layers": {
      "version": "1.2.9",
      "resolved": "https://registry.npmjs.org/@tensorflow/tfjs-layers/-/tfjs-layers-1.2.9.tgz",
      "integrity": "sha512-OlXYaIb1rCk5dYmpaNsPEkO7R+T0oxfS3vQGIztNJB+YxrN8mwCu3hqgpbdKhAITiP+jxO0o+7bny8MsOCkOSQ=="
    },
    "@types/node": {
      "version": "12.7.5",
      "resolved": "https://registry.npmjs.org/@types/node/-/node-12.7.5.tgz",
      "integrity": "sha512-9fq4jZVhPNW8r+UYKnxF1e2HkDWOWKM5bC2/7c9wPV835I0aOrVbS/Hw/pWPk2uKrNXQqg9Z959Kz+IYDd5p3w=="
    },
    "@types/node-fetch": {
      "version": "2.5.2",
      "resolved": "https://registry.npmjs.org/@types/node-fetch/-/node-fetch-2.5.2.tgz",
      "integrity": "sha512-djYYKmdNRSBtL1x4CiE9UJb9yZhwtI1VC+UxZD0psNznrUj80ywsxKlEGAE+QL1qvLjPbfb24VosjkYM6W4RSQ==",
      "requires": {
        "@types/node": "*"
      }
    },
    "@types/offscreencanvas": {
      "version": "2019.3.0",
      "resolved": "https://registry.npmjs.org/@types/offscreencanvas/-/offscreencanvas-2019.3.0.tgz",
      "integrity": "sha512-esIJx9bQg+QYF0ra8GnvfianIY8qWB0GBx54PK5Eps6m+xTj86KLavHv6qDhzKcu5UUOgNfJ2pWaIIV7TRUd9Q=="
    },
    "@types/seedrandom": {
      "version": "2.4.27",
      "resolved": "https://registry.npmjs.org/@types/seedrandom/-/seedrandom-2.4.27.tgz",
      "integrity": "sha1-nbVjk33YaRX2kJK8QyWdL0hXjkE="
    },
    "@types/webgl-ext": {
      "version": "0.0.30",
      "resolved": "https://registry.npmjs.org/@types/webgl-ext/-/webgl-ext-0.0.30.tgz",
      "integrity": "sha512-LKVgNmBxN0BbljJrVUwkxwRYqzsAEPcZOe6S2T6ZaBDIrFp0qu4FNlpc5sM1tGbXUYFgdVQIoeLk1Y1UoblyEg=="
    },
    "@types/webgl2": {
      "version": "0.0.4",
      "resolved": "https://registry.npmjs.org/@types/webgl2/-/webgl2-0.0.4.tgz",
      "integrity": "sha512-PACt1xdErJbMUOUweSrbVM7gSIYm1vTncW2hF6Os/EeWi6TXYAYMPp+8v6rzHmypE5gHrxaxZNXgMkJVIdZpHw=="
    },
    "events": {
      "version": "3.0.0",
      "resolved": "https://registry.npmjs.org/events/-/events-3.0.0.tgz",
      "integrity": "sha512-Dc381HFWJzEOhQ+d8pkNon++bk9h6cdAoAj4iE6Q4y6xgTzySWXlKn05/TVNpjnfRqi/X0EpJEJohPjNI3zpVA=="
    },
    "is-wsl": {
      "version": "1.1.0",
      "resolved": "https://registry.npmjs.org/is-wsl/-/is-wsl-1.1.0.tgz",
      "integrity": "sha1-HxbkqiKwTRM2tmGIpmrzxgDDpm0=",
      "optional": true
    },
    "k-means-cluster": {
      "version": "0.0.0",
      "resolved": "https://registry.npmjs.org/k-means-cluster/-/k-means-cluster-0.0.0.tgz",
      "integrity": "sha1-LnXvlmwLZJ9seMQKMmftV3t4LR4="
    },
    "minimist": {
      "version": "0.0.8",
      "resolved": "https://registry.npmjs.org/minimist/-/minimist-0.0.8.tgz",
      "integrity": "sha1-hX/Kv8M5fSYluCKCYuhqp6ARsF0=",
      "optional": true
    },
    "mkdirp": {
      "version": "0.5.1",
      "resolved": "https://registry.npmjs.org/mkdirp/-/mkdirp-0.5.1.tgz",
      "integrity": "sha1-MAV0OOrGz3+MR2fzhkjWaX11yQM=",
      "optional": true,
      "requires": {
        "minimist": "0.0.8"
      }
    },
    "ml5": {
      "version": "0.3.1",
      "resolved": "https://registry.npmjs.org/ml5/-/ml5-0.3.1.tgz",
      "integrity": "sha512-g2lWKOV0NLW+LNaH19/wnLvax7Fo2POzHWMocOfSff8nciCl4gwuchGURABvYLXDtKwJP+/EbARH8czceNW/RQ==",
      "requires": {
        "@magenta/sketch": "0.2.0",
        "@tensorflow-models/body-pix": "1.0.1",
        "@tensorflow-models/knn-classifier": "1.0.0",
        "@tensorflow-models/mobilenet": "1.0.0",
        "@tensorflow-models/posenet": "1.0.0",
        "@tensorflow-models/speech-commands": "0.3.8",
        "@tensorflow/tfjs": "1.1.2",
        "events": "^3.0.0"
      },
      "dependencies": {
        "@tensorflow/tfjs": {
          "version": "1.1.2",
          "resolved": "https://registry.npmjs.org/@tensorflow/tfjs/-/tfjs-1.1.2.tgz",
          "integrity": "sha512-b+ekLNEfMzaBszti6uGcS3pJoPNQuv1hxKEoY9Q3ix52fFJzI86nSvM1lwOcvUZy6DjPFDoyB8MO+dJHqecG5w==",
          "requires": {
            "@tensorflow/tfjs-converter": "1.1.2",
            "@tensorflow/tfjs-core": "1.1.2",
            "@tensorflow/tfjs-data": "1.1.2",
            "@tensorflow/tfjs-layers": "1.1.2"
          }
        },
        "@tensorflow/tfjs-converter": {
          "version": "1.1.2",
          "resolved": "https://registry.npmjs.org/@tensorflow/tfjs-converter/-/tfjs-converter-1.1.2.tgz",
          "integrity": "sha512-KuLIIJYzmRmtJXcjBH3inQVhTHbABj2TNAVS3ss12hzDiEE/RiRb/LZKo8XV2WczuZXTq+gxep84PWXSH/HQXA=="
        },
        "@tensorflow/tfjs-core": {
          "version": "1.1.2",
          "resolved": "https://registry.npmjs.org/@tensorflow/tfjs-core/-/tfjs-core-1.1.2.tgz",
          "integrity": "sha512-xCAUIAh14OFnHt+IQUUZIH/P/jH/EWvewL0Ty6q6USUx4YZ+HvKwNw1G7h/gKki4A31BJ0avD04ylBKc75laGg==",
          "requires": {
            "@types/seedrandom": "2.4.27",
            "@types/webgl-ext": "0.0.30",
            "@types/webgl2": "0.0.4",
            "node-fetch": "~2.1.2",
            "rollup-plugin-visualizer": "~1.1.1",
            "seedrandom": "2.4.3"
          }
        },
        "@tensorflow/tfjs-data": {
          "version": "1.1.2",
          "resolved": "https://registry.npmjs.org/@tensorflow/tfjs-data/-/tfjs-data-1.1.2.tgz",
          "integrity": "sha512-K30QdocXd5zn3rpGbRTC4sO42q8tK1SGqDHE2IEkvYzcg0PAU3cEMODGTLjKt0z1Lfy1JKgs0FPcvazqmxpjGA==",
          "requires": {
            "@types/node-fetch": "^2.1.2",
            "node-fetch": "~2.1.2"
          }
        },
        "@tensorflow/tfjs-layers": {
          "version": "1.1.2",
          "resolved": "https://registry.npmjs.org/@tensorflow/tfjs-layers/-/tfjs-layers-1.1.2.tgz",
          "integrity": "sha512-iP9mJz/79nK+sXBWdxQkeNIqn9p+O/x3g15ntIXpEaLXOGjQEE12iKtLCWgG3qH+FltOVt5hTbAXkj/yDym1Xg=="
        }
      }
    },
    "node-fetch": {
      "version": "2.1.2",
      "resolved": "https://registry.npmjs.org/node-fetch/-/node-fetch-2.1.2.tgz",
      "integrity": "sha1-q4hOjn5X44qUR1POxwb3iNF2i7U="
    },
    "opn": {
      "version": "5.5.0",
      "resolved": "https://registry.npmjs.org/opn/-/opn-5.5.0.tgz",
      "integrity": "sha512-PqHpggC9bLV0VeWcdKhkpxY+3JTzetLSqTCWL/z/tFIbI6G8JCjondXklT1JinczLz2Xib62sSp0T/gKT4KksA==",
      "optional": true,
      "requires": {
        "is-wsl": "^1.1.0"
      }
    },
    "p5": {
      "version": "0.9.0",
      "resolved": "https://registry.npmjs.org/p5/-/p5-0.9.0.tgz",
      "integrity": "sha512-N8FzKr9SKofl4f+d9g6oYDRk5JOYgY1bIhCInzNxW7khc1zk7whQIOhaHeijSslfN3rJYfWso6Fn3O/w+TCwLg=="
    },
    "rollup-plugin-visualizer": {
      "version": "1.1.1",
      "resolved": "https://registry.npmjs.org/rollup-plugin-visualizer/-/rollup-plugin-visualizer-1.1.1.tgz",
      "integrity": "sha512-7xkSKp+dyJmSC7jg2LXqViaHuOnF1VvIFCnsZEKjrgT5ZVyiLLSbeszxFcQSfNJILphqgAEmWAUz0Z4xYScrRw==",
      "optional": true,
      "requires": {
        "mkdirp": "^0.5.1",
        "opn": "^5.4.0",
        "source-map": "^0.7.3",
        "typeface-oswald": "0.0.54"
      }
    },
    "seedrandom": {
      "version": "2.4.3",
      "resolved": "https://registry.npmjs.org/seedrandom/-/seedrandom-2.4.3.tgz",
      "integrity": "sha1-JDhQTa0zkXMUv/GKxNeU8W1qrsw="
    },
    "source-map": {
      "version": "0.7.3",
      "resolved": "https://registry.npmjs.org/source-map/-/source-map-0.7.3.tgz",
      "integrity": "sha512-CkCj6giN3S+n9qrYiBTX5gystlENnRW5jZeNLHpe6aue+SrHcG5VYwujhW9s4dY31mEGsxBDrHR6oI69fTXsaQ==",
      "optional": true
    },
    "typeface-oswald": {
      "version": "0.0.54",
      "resolved": "https://registry.npmjs.org/typeface-oswald/-/typeface-oswald-0.0.54.tgz",
      "integrity": "sha512-U1WMNp4qfy4/3khIfHMVAIKnNu941MXUfs3+H9R8PFgnoz42Hh9pboSFztWr86zut0eXC8byalmVhfkiKON/8Q==",
      "optional": true
    }
  }
}
